
Microsoft Visual Studio Solution File, Format Version 12.00
# Visual Studio Version 17
VisualStudioVersion = 17.5.33414.496
MinimumVisualStudioVersion = 10.0.40219.1
Project("{FAE04EC0-301F-11D3-BF4B-00C04F79EFBC}") = "ModbusTCP_Demo", "ModbusTCP_Demo.csproj", "{7B980BD0-9821-413B-8EEB-99EC15050BFE}"
EndProject
Global
	GlobalSection(SolutionConfigurationPlatforms) = preSolution
		Debug|Any CPU = Debug|Any CPU
		Release|Any CPU = Release|Any CPU
	EndGlobalSection
	GlobalSection(ProjectConfigurationPlatforms) = postSolution
		{7B980BD0-9821-413B-8EEB-99EC15050BFE}.Debug|Any CPU.ActiveCfg = Debug|Any CPU
		{7B980BD0-9821-413B-8EEB-99EC15050BFE}.Debug|Any CPU.Build.0 = Debug|Any CPU
		{7B980BD0-9821-413B-8EEB-99EC15050BFE}.Release|Any CPU.ActiveCfg = Release|Any CPU
		{7B980BD0-9821-413B-8EEB-99EC15050BFE}.Release|Any CPU.Build.0 = Release|Any CPU
	EndGlobalSection
	GlobalSection(SolutionProperties) = preSolution
		HideSolutionNode = FALSE
	EndGlobalSection
	GlobalSection(ExtensibilityGlobals) = postSolution
		SolutionGuid = {2229ED11-6B00-4C00-ACC9-6341B44A331B}
	EndGlobalSection
EndGlobal
